
Microsoft Visual Studio Solution File, Format Version 12.00
# Visual Studio Version 17
VisualStudioVersion = 17.7.34221.43
MinimumVisualStudioVersion = 10.0.40219.1
Project("{8BC9CEB8-8B4A-11D0-8D11-00A0C91BC942}") = "Телефон Книга", "Телефон Книга\Телефон Книга.vcxproj", "{BAE286A5-3586-45F2-81EB-5A7A9139B531}"
EndProject
Global
	GlobalSection(SolutionConfigurationPlatforms) = preSolution
		Debug|x64 = Debug|x64
		Debug|x86 = Debug|x86
		Release|x64 = Release|x64
		Release|x86 = Release|x86
	EndGlobalSection
	GlobalSection(ProjectConfigurationPlatforms) = postSolution
		{BAE286A5-3586-45F2-81EB-5A7A9139B531}.Debug|x64.ActiveCfg = Debug|x64
		{BAE286A5-3586-45F2-81EB-5A7A9139B531}.Debug|x64.Build.0 = Debug|x64
		{BAE286A5-3586-45F2-81EB-5A7A9139B531}.Debug|x86.ActiveCfg = Debug|Win32
		{BAE286A5-3586-45F2-81EB-5A7A9139B531}.Debug|x86.Build.0 = Debug|Win32
		{BAE286A5-3586-45F2-81EB-5A7A9139B531}.Release|x64.ActiveCfg = Release|x64
		{BAE286A5-3586-45F2-81EB-5A7A9139B531}.Release|x64.Build.0 = Release|x64
		{BAE286A5-3586-45F2-81EB-5A7A9139B531}.Release|x86.ActiveCfg = Release|Win32
		{BAE286A5-3586-45F2-81EB-5A7A9139B531}.Release|x86.Build.0 = Release|Win32
	EndGlobalSection
	GlobalSection(SolutionProperties) = preSolution
		HideSolutionNode = FALSE
	EndGlobalSection
	GlobalSection(ExtensibilityGlobals) = postSolution
		SolutionGuid = {6B015B15-C668-4B9C-A965-C51DD864F850}
	EndGlobalSection
EndGlobal
